
Microsoft Visual Studio Solution File, Format Version 12.00
# Visual Studio Version 16
VisualStudioVersion = 16.0.30611.23
MinimumVisualStudioVersion = 10.0.40219.1
Project("{FAE04EC0-301F-11D3-BF4B-00C04F79EFBC}") = "DesafioJson", "DesafioJson\DesafioJson.csproj", "{3363DC5A-61E9-4CFD-A201-145D5C291328}"
EndProject
Global
	GlobalSection(SolutionConfigurationPlatforms) = preSolution
		Debug|Any CPU = Debug|Any CPU
		Release|Any CPU = Release|Any CPU
	EndGlobalSection
	GlobalSection(ProjectConfigurationPlatforms) = postSolution
		{3363DC5A-61E9-4CFD-A201-145D5C291328}.Debug|Any CPU.ActiveCfg = Debug|Any CPU
		{3363DC5A-61E9-4CFD-A201-145D5C291328}.Debug|Any CPU.Build.0 = Debug|Any CPU
		{3363DC5A-61E9-4CFD-A201-145D5C291328}.Release|Any CPU.ActiveCfg = Release|Any CPU
		{3363DC5A-61E9-4CFD-A201-145D5C291328}.Release|Any CPU.Build.0 = Release|Any CPU
	EndGlobalSection
	GlobalSection(SolutionProperties) = preSolution
		HideSolutionNode = FALSE
	EndGlobalSection
	GlobalSection(ExtensibilityGlobals) = postSolution
		SolutionGuid = {E4A9B784-7680-458D-9652-CDF0D54B2729}
	EndGlobalSection
EndGlobal
